
Microsoft Visual Studio Solution File, Format Version 12.00
# Visual Studio Version 17
VisualStudioVersion = 17.2.32526.322
MinimumVisualStudioVersion = 10.0.40219.1
Project("{FAE04EC0-301F-11D3-BF4B-00C04F79EFBC}") = "appSigorta", "appSigorta\appSigorta.csproj", "{63C044C5-99CF-482D-A1F0-15487804DFB8}"
EndProject
Global
	GlobalSection(SolutionConfigurationPlatforms) = preSolution
		Debug|Any CPU = Debug|Any CPU
		Release|Any CPU = Release|Any CPU
	EndGlobalSection
	GlobalSection(ProjectConfigurationPlatforms) = postSolution
		{63C044C5-99CF-482D-A1F0-15487804DFB8}.Debug|Any CPU.ActiveCfg = Debug|Any CPU
		{63C044C5-99CF-482D-A1F0-15487804DFB8}.Debug|Any CPU.Build.0 = Debug|Any CPU
		{63C044C5-99CF-482D-A1F0-15487804DFB8}.Release|Any CPU.ActiveCfg = Release|Any CPU
		{63C044C5-99CF-482D-A1F0-15487804DFB8}.Release|Any CPU.Build.0 = Release|Any CPU
	EndGlobalSection
	GlobalSection(SolutionProperties) = preSolution
		HideSolutionNode = FALSE
	EndGlobalSection
	GlobalSection(ExtensibilityGlobals) = postSolution
		SolutionGuid = {CBDD500F-8069-4274-B54C-1AFC79449781}
	EndGlobalSection
EndGlobal
